
Microsoft Visual Studio Solution File, Format Version 12.00
# Visual Studio 2012
Project("{FAE04EC0-301F-11D3-BF4B-00C04F79EFBC}") = "__WCFPollingService", "WCFPollingService\__WCFPollingService.csproj", "{15B3E0D2-6217-493A-A690-158C497F5318}"
EndProject
Project("{FAE04EC0-301F-11D3-BF4B-00C04F79EFBC}") = "WCFPollingServiceEx", "WCFPollingServiceEx\WCFPollingServiceEx.csproj", "{A9C93461-2F22-43B0-898A-F23633A88E24}"
EndProject
Project("{FAE04EC0-301F-11D3-BF4B-00C04F79EFBC}") = "WeatherService", "WeatherService\WeatherService.csproj", "{570A6F99-5D9C-47DA-BD74-5577B67403C7}"
EndProject
Global
	GlobalSection(SolutionConfigurationPlatforms) = preSolution
		Debug|Any CPU = Debug|Any CPU
		Release|Any CPU = Release|Any CPU
	EndGlobalSection
	GlobalSection(ProjectConfigurationPlatforms) = postSolution
		{15B3E0D2-6217-493A-A690-158C497F5318}.Debug|Any CPU.ActiveCfg = Debug|Any CPU
		{15B3E0D2-6217-493A-A690-158C497F5318}.Debug|Any CPU.Build.0 = Debug|Any CPU
		{15B3E0D2-6217-493A-A690-158C497F5318}.Release|Any CPU.ActiveCfg = Release|Any CPU
		{15B3E0D2-6217-493A-A690-158C497F5318}.Release|Any CPU.Build.0 = Release|Any CPU
		{A9C93461-2F22-43B0-898A-F23633A88E24}.Debug|Any CPU.ActiveCfg = Debug|Any CPU
		{A9C93461-2F22-43B0-898A-F23633A88E24}.Debug|Any CPU.Build.0 = Debug|Any CPU
		{A9C93461-2F22-43B0-898A-F23633A88E24}.Release|Any CPU.ActiveCfg = Release|Any CPU
		{A9C93461-2F22-43B0-898A-F23633A88E24}.Release|Any CPU.Build.0 = Release|Any CPU
		{570A6F99-5D9C-47DA-BD74-5577B67403C7}.Debug|Any CPU.ActiveCfg = Debug|Any CPU
		{570A6F99-5D9C-47DA-BD74-5577B67403C7}.Debug|Any CPU.Build.0 = Debug|Any CPU
		{570A6F99-5D9C-47DA-BD74-5577B67403C7}.Release|Any CPU.ActiveCfg = Release|Any CPU
		{570A6F99-5D9C-47DA-BD74-5577B67403C7}.Release|Any CPU.Build.0 = Release|Any CPU
	EndGlobalSection
	GlobalSection(SolutionProperties) = preSolution
		HideSolutionNode = FALSE
	EndGlobalSection
EndGlobal
